github.com/wowchemy/wowchemy-hugo-modules/netlify-cms-academic v0.0.0-20201016182837-be0fa17ac006 h1:YNTYgXSXNVmvBTwD4Fp7jnrHKjczvxv30FOmBvfPkK8=
github.com/wowchemy/wowchemy-hugo-modules/netlify-cms-academic v0.0.0-20201016182837-be0fa17ac006/go.mod h1:TU3QDPUdBSQnvDP5QVCwjAkBIdVMS/bKFA8jr3eI5AY=
github.com/wowchemy/wowchemy-hugo-modules/wowchemy v0.0.0-20201016182837-be0fa17ac006 h1:0TttxcFCinLEfPQxtpCRcCnf34vQm/S247UQ9lrzh38=
github.com/wowchemy/wowchemy-hugo-modules/wowchemy v0.0.0-20201016182837-be0fa17ac006/go.mod h1:H22qfH9qj3FWwsk7+bAZpmT24yRGNQURah2/IRwjbn8=
github.com/wowchemy/wowchemy-hugo-modules/wowchemy-cms/v5 v5.0.0-20220307125723-f79d02251851 h1:6TNqc0Pz9FKwwsdQVFZL+CuOFOpwYonCXEiaNAGHlvg=
github.com/wowchemy/wowchemy-hugo-modules/wowchemy-cms/v5 v5.0.0-20220307125723-f79d02251851/go.mod h1:Sp/AKo+2HAPi/IPHp1MEdKPmee+mzO5+efUBUPLPqPE=
github.com/wowchemy/wowchemy-hugo-modules/wowchemy-cms/v5 v5.0.0-20220322201716-d773f436c359 h1:8w5AVxrlJIEPwxW1m1SCuL2UNLmU4KaNcNV1q1bqUpY=
github.com/wowchemy/wowchemy-hugo-modules/wowchemy-cms/v5 v5.0.0-20220322201716-d773f436c359/go.mod h1:Sp/AKo+2HAPi/IPHp1MEdKPmee+mzO5+efUBUPLPqPE=
github.com/wowchemy/wowchemy-hugo-modules/wowchemy-cms/v5 v5.0.0-20220325140950-3ee572954ab1 h1:igf4IiG7AeUUttvLh6M9qJ5+s5UxBB5EL4l5+15sq+o=
github.com/wowchemy/wowchemy-hugo-modules/wowchemy-cms/v5 v5.0.0-20220325140950-3ee572954ab1/go.mod h1:Sp/AKo+2HAPi/IPHp1MEdKPmee+mzO5+efUBUPLPqPE=
github.com/wowchemy/wowchemy-hugo-modules/wowchemy/v5 v5.0.0-20220307125723-f79d02251851 h1:Oslo47PRxp6wubPhCaTtpFQ67HIVy2yy1bOaHQ/dcjw=
github.com/wowchemy/wowchemy-hugo-modules/wowchemy/v5 v5.0.0-20220307125723-f79d02251851/go.mod h1:2iL9rdrUYyJXX2BeHKfK+QbqZlubCsaR60nQ87NRQTY=
github.com/wowchemy/wowchemy-hugo-modules/wowchemy/v5 v5.0.0-20220322201716-d773f436c359 h1:SnTLWwKbZicL2OTIf1Fm0Hi9jgXMYOb660cSsltfr1s=
github.com/wowchemy/wowchemy-hugo-modules/wowchemy/v5 v5.0.0-20220322201716-d773f436c359/go.mod h1:2iL9rdrUYyJXX2BeHKfK+QbqZlubCsaR60nQ87NRQTY=
github.com/wowchemy/wowchemy-hugo-modules/wowchemy/v5 v5.0.0-20220325140950-3ee572954ab1 h1:HnImqx8iQyu0WcC8wHFdGy4oNZqm7wOABGCG8NJ5lsM=
github.com/wowchemy/wowchemy-hugo-modules/wowchemy/v5 v5.0.0-20220325140950-3ee572954ab1/go.mod h1:2iL9rdrUYyJXX2BeHKfK+QbqZlubCsaR60nQ87NRQTY=
github.com/wowchemy/wowchemy-hugo-themes/modules/wowchemy-core v0.1.0/go.mod h1:kJwI9H8dicHQCnP8G9EvUDI+oNg/yXcGsjGjwjXuM8I=
github.com/wowchemy/wowchemy-hugo-themes/modules/wowchemy-plugin-netlify v1.0.1-0.20221130182139-2c00b903e65f h1:P4vNtDPNbviarCTHib9Fy8ZEABeP1IH4kzA18vze8BI=
github.com/wowchemy/wowchemy-hugo-themes/modules/wowchemy-plugin-netlify v1.0.1-0.20221130182139-2c00b903e65f/go.mod h1:s40UgLsWfVyCLQ2F4F3dBcNfZOXcPGld7KxsKhZdzvM=
github.com/wowchemy/wowchemy-hugo-themes/modules/wowchemy-plugin-netlify-cms v1.0.1-0.20221130182139-2c00b903e65f h1:vQwYIN9/S6g99ObLaztSIEQ43pc2sMjyJA0aCZQBxJk=
github.com/wowchemy/wowchemy-hugo-themes/modules/wowchemy-plugin-netlify-cms v1.0.1-0.20221130182139-2c00b903e65f/go.mod h1:X1mETJo6Lkv9tEgfU0UYFRiRInf0RbgW+s1RKXB4GMA=
github.com/wowchemy/wowchemy-hugo-themes/modules/wowchemy-plugin-reveal v0.0.0-20221130182139-2c00b903e65f h1:bHrJAMD2AlfRoKU+70Q0j2OgTZuSwUx+/OkrAO7hxoU=
github.com/wowchemy/wowchemy-hugo-themes/modules/wowchemy-plugin-reveal v0.0.0-20221130182139-2c00b903e65f/go.mod h1:u2hgU45C6Oi3CwMzSNvTwuRTsKs7O46EG3MTjNKu7gE=
github.com/wowchemy/wowchemy-hugo-themes/modules/wowchemy-seo v0.1.0/go.mod h1:R01vz++1i/KR2n00aWGcs6m/L7ky1klbrpqA2KXjMCk=
github.com/wowchemy/wowchemy-hugo-themes/modules/wowchemy/v5 v5.7.1-0.20221130182139-2c00b903e65f h1:QZVZlCG8c7RBdhy2JCSYwwVFQj0LI12tMOGCpT+yQjs=
github.com/wowchemy/wowchemy-hugo-themes/modules/wowchemy/v5 v5.7.1-0.20221130182139-2c00b903e65f/go.mod h1:pxtkh2Fw4Vdwh2NvIYpCqhR0g7MgwVAxFN1lW9Rep44=
